
Microsoft Visual Studio Solution File, Format Version 12.00
# Visual Studio Version 17
VisualStudioVersion = 17.11.35303.130
MinimumVisualStudioVersion = 10.0.40219.1
Project("{FAE04EC0-301F-11D3-BF4B-00C04F79EFBC}") = "QueenN", "QueenN.csproj", "{B2239A99-134D-405C-BA08-FF91F160B54E}"
EndProject
Global
	GlobalSection(SolutionConfigurationPlatforms) = preSolution
		Debug|Any CPU = Debug|Any CPU
		Release|Any CPU = Release|Any CPU
	EndGlobalSection
	GlobalSection(ProjectConfigurationPlatforms) = postSolution
		{B2239A99-134D-405C-BA08-FF91F160B54E}.Debug|Any CPU.ActiveCfg = Debug|Any CPU
		{B2239A99-134D-405C-BA08-FF91F160B54E}.Debug|Any CPU.Build.0 = Debug|Any CPU
		{B2239A99-134D-405C-BA08-FF91F160B54E}.Release|Any CPU.ActiveCfg = Release|Any CPU
		{B2239A99-134D-405C-BA08-FF91F160B54E}.Release|Any CPU.Build.0 = Release|Any CPU
	EndGlobalSection
	GlobalSection(SolutionProperties) = preSolution
		HideSolutionNode = FALSE
	EndGlobalSection
	GlobalSection(ExtensibilityGlobals) = postSolution
		SolutionGuid = {BE484B53-24CF-48EF-8EED-94EDBF4E530A}
	EndGlobalSection
EndGlobal
